
Microsoft Visual Studio Solution File, Format Version 12.00
# Visual Studio 15
VisualStudioVersion = 15.0.28010.2050
MinimumVisualStudioVersion = 10.0.40219.1
Project("{FAE04EC0-301F-11D3-BF4B-00C04F79EFBC}") = "Intro", "Intro\Intro.csproj", "{72AFA102-1E61-42DC-8A4A-9A53005B4BAF}"
EndProject
Global
	GlobalSection(SolutionConfigurationPlatforms) = preSolution
		Debug|Any CPU = Debug|Any CPU
		Release|Any CPU = Release|Any CPU
	EndGlobalSection
	GlobalSection(ProjectConfigurationPlatforms) = postSolution
		{72AFA102-1E61-42DC-8A4A-9A53005B4BAF}.Debug|Any CPU.ActiveCfg = Debug|Any CPU
		{72AFA102-1E61-42DC-8A4A-9A53005B4BAF}.Debug|Any CPU.Build.0 = Debug|Any CPU
		{72AFA102-1E61-42DC-8A4A-9A53005B4BAF}.Release|Any CPU.ActiveCfg = Release|Any CPU
		{72AFA102-1E61-42DC-8A4A-9A53005B4BAF}.Release|Any CPU.Build.0 = Release|Any CPU
	EndGlobalSection
	GlobalSection(SolutionProperties) = preSolution
		HideSolutionNode = FALSE
	EndGlobalSection
	GlobalSection(ExtensibilityGlobals) = postSolution
		SolutionGuid = {0544AA76-8F81-4898-837D-DDBBEA784A61}
	EndGlobalSection
EndGlobal
